
Microsoft Visual Studio Solution File, Format Version 12.00
Project("{F2A71F9B-5D33-465A-A702-920D77279786}") = "Microsoft.OpenAPI.FunctionalExtensions", "Microsoft.OpenAPI.FunctionalExtensions\Microsoft.OpenAPI.FunctionalExtensions.fsproj", "{B6D88039-81BD-4EC6-B88B-F5007A93FED1}"
EndProject
Project("{F2A71F9B-5D33-465A-A702-920D77279786}") = "Microsoft.OpenAPI.FunctionalExtensions.Visualizing", "Microsoft.OpenAPI.FunctionalExtensions.Visualizing\Microsoft.OpenAPI.FunctionalExtensions.Visualizing.fsproj", "{EA2F5086-1148-4DF7-815B-480E0E72B0E1}"
EndProject
Project("{F2A71F9B-5D33-465A-A702-920D77279786}") = "Microsoft.OpenAPI.FunctionalExtensions.Linting", "Microsoft.OpenAPI.FunctionalExtensions.Linting\Microsoft.OpenAPI.FunctionalExtensions.Linting.fsproj", "{944BAE2B-258E-476B-B10C-8953D0FA7828}"
EndProject
Project("{2150E333-8FDC-42A3-9474-1A3956D46DE8}") = "Tests", "Tests", "{591E1A4C-EA75-4F3F-BFFC-6BE6F1F5DEF9}"
EndProject
Project("{F2A71F9B-5D33-465A-A702-920D77279786}") = "Microsoft.OpenAPI.FunctionalExtensions.Tests", "Tests\Microsoft.OpenAPI.FunctionalExtensions.Tests\Microsoft.OpenAPI.FunctionalExtensions.Tests.fsproj", "{D3ABCC44-2A03-46A8-A25E-5BA67E085C46}"
EndProject
Project("{2150E333-8FDC-42A3-9474-1A3956D46DE8}") = "Tools", "Tools", "{04843583-27DB-432A-9298-EE16C866BC6B}"
EndProject
Project("{F2A71F9B-5D33-465A-A702-920D77279786}") = "Microsoft.OpenAPI.FunctionalExtensions.Visualizing.Tool", "Microsoft.OpenAPI.FunctionalExtensions.Visualizing.Tool\Microsoft.OpenAPI.FunctionalExtensions.Visualizing.Tool.fsproj", "{0D85D923-F090-4ED8-BB65-1C9BFC087DAE}"
EndProject
Project("{F2A71F9B-5D33-465A-A702-920D77279786}") = "Microsoft.OpenAPI.FunctionalExtensions.Visualizing", "Tests\Microsoft.OpenAPI.FunctionalExtensions.Visualizing\Microsoft.OpenAPI.FunctionalExtensions.Visualizing.fsproj", "{2FC0FC75-3F96-4F0F-B467-BC3A4F9091E0}"
EndProject
Project("{2150E333-8FDC-42A3-9474-1A3956D46DE8}") = "Examples", "Examples", "{B36A84DF-456D-A817-6EDD-3EC3E7F6E11F}"
EndProject
Project("{F2A71F9B-5D33-465A-A702-920D77279786}") = "Examples", "Examples\Examples.fsproj", "{B855E02F-27B7-443E-B876-CA11E0ADED8A}"
EndProject
Global
	GlobalSection(SolutionConfigurationPlatforms) = preSolution
		Debug|Any CPU = Debug|Any CPU
		Debug|x64 = Debug|x64
		Debug|x86 = Debug|x86
		Release|Any CPU = Release|Any CPU
		Release|x64 = Release|x64
		Release|x86 = Release|x86
	EndGlobalSection
	GlobalSection(ProjectConfigurationPlatforms) = postSolution
		{B6D88039-81BD-4EC6-B88B-F5007A93FED1}.Debug|Any CPU.ActiveCfg = Debug|Any CPU
		{B6D88039-81BD-4EC6-B88B-F5007A93FED1}.Debug|Any CPU.Build.0 = Debug|Any CPU
		{B6D88039-81BD-4EC6-B88B-F5007A93FED1}.Debug|x64.ActiveCfg = Debug|Any CPU
		{B6D88039-81BD-4EC6-B88B-F5007A93FED1}.Debug|x64.Build.0 = Debug|Any CPU
		{B6D88039-81BD-4EC6-B88B-F5007A93FED1}.Debug|x86.ActiveCfg = Debug|Any CPU
		{B6D88039-81BD-4EC6-B88B-F5007A93FED1}.Debug|x86.Build.0 = Debug|Any CPU
		{B6D88039-81BD-4EC6-B88B-F5007A93FED1}.Release|Any CPU.ActiveCfg = Release|Any CPU
		{B6D88039-81BD-4EC6-B88B-F5007A93FED1}.Release|Any CPU.Build.0 = Release|Any CPU
		{B6D88039-81BD-4EC6-B88B-F5007A93FED1}.Release|x64.ActiveCfg = Release|Any CPU
		{B6D88039-81BD-4EC6-B88B-F5007A93FED1}.Release|x64.Build.0 = Release|Any CPU
		{B6D88039-81BD-4EC6-B88B-F5007A93FED1}.Release|x86.ActiveCfg = Release|Any CPU
		{B6D88039-81BD-4EC6-B88B-F5007A93FED1}.Release|x86.Build.0 = Release|Any CPU
		{EA2F5086-1148-4DF7-815B-480E0E72B0E1}.Debug|Any CPU.ActiveCfg = Debug|Any CPU
		{EA2F5086-1148-4DF7-815B-480E0E72B0E1}.Debug|Any CPU.Build.0 = Debug|Any CPU
		{EA2F5086-1148-4DF7-815B-480E0E72B0E1}.Debug|x64.ActiveCfg = Debug|Any CPU
		{EA2F5086-1148-4DF7-815B-480E0E72B0E1}.Debug|x64.Build.0 = Debug|Any CPU
		{EA2F5086-1148-4DF7-815B-480E0E72B0E1}.Debug|x86.ActiveCfg = Debug|Any CPU
		{EA2F5086-1148-4DF7-815B-480E0E72B0E1}.Debug|x86.Build.0 = Debug|Any CPU
		{EA2F5086-1148-4DF7-815B-480E0E72B0E1}.Release|Any CPU.ActiveCfg = Release|Any CPU
		{EA2F5086-1148-4DF7-815B-480E0E72B0E1}.Release|Any CPU.Build.0 = Release|Any CPU
		{EA2F5086-1148-4DF7-815B-480E0E72B0E1}.Release|x64.ActiveCfg = Release|Any CPU
		{EA2F5086-1148-4DF7-815B-480E0E72B0E1}.Release|x64.Build.0 = Release|Any CPU
		{EA2F5086-1148-4DF7-815B-480E0E72B0E1}.Release|x86.ActiveCfg = Release|Any CPU
		{EA2F5086-1148-4DF7-815B-480E0E72B0E1}.Release|x86.Build.0 = Release|Any CPU
		{944BAE2B-258E-476B-B10C-8953D0FA7828}.Debug|Any CPU.ActiveCfg = Debug|Any CPU
		{944BAE2B-258E-476B-B10C-8953D0FA7828}.Debug|Any CPU.Build.0 = Debug|Any CPU
		{944BAE2B-258E-476B-B10C-8953D0FA7828}.Debug|x64.ActiveCfg = Debug|Any CPU
		{944BAE2B-258E-476B-B10C-8953D0FA7828}.Debug|x64.Build.0 = Debug|Any CPU
		{944BAE2B-258E-476B-B10C-8953D0FA7828}.Debug|x86.ActiveCfg = Debug|Any CPU
		{944BAE2B-258E-476B-B10C-8953D0FA7828}.Debug|x86.Build.0 = Debug|Any CPU
		{944BAE2B-258E-476B-B10C-8953D0FA7828}.Release|Any CPU.ActiveCfg = Release|Any CPU
		{944BAE2B-258E-476B-B10C-8953D0FA7828}.Release|Any CPU.Build.0 = Release|Any CPU
		{944BAE2B-258E-476B-B10C-8953D0FA7828}.Release|x64.ActiveCfg = Release|Any CPU
		{944BAE2B-258E-476B-B10C-8953D0FA7828}.Release|x64.Build.0 = Release|Any CPU
		{944BAE2B-258E-476B-B10C-8953D0FA7828}.Release|x86.ActiveCfg = Release|Any CPU
		{944BAE2B-258E-476B-B10C-8953D0FA7828}.Release|x86.Build.0 = Release|Any CPU
		{D3ABCC44-2A03-46A8-A25E-5BA67E085C46}.Debug|Any CPU.ActiveCfg = Debug|Any CPU
		{D3ABCC44-2A03-46A8-A25E-5BA67E085C46}.Debug|Any CPU.Build.0 = Debug|Any CPU
		{D3ABCC44-2A03-46A8-A25E-5BA67E085C46}.Debug|x64.ActiveCfg = Debug|Any CPU
		{D3ABCC44-2A03-46A8-A25E-5BA67E085C46}.Debug|x64.Build.0 = Debug|Any CPU
		{D3ABCC44-2A03-46A8-A25E-5BA67E085C46}.Debug|x86.ActiveCfg = Debug|Any CPU
		{D3ABCC44-2A03-46A8-A25E-5BA67E085C46}.Debug|x86.Build.0 = Debug|Any CPU
		{D3ABCC44-2A03-46A8-A25E-5BA67E085C46}.Release|Any CPU.ActiveCfg = Release|Any CPU
		{D3ABCC44-2A03-46A8-A25E-5BA67E085C46}.Release|Any CPU.Build.0 = Release|Any CPU
		{D3ABCC44-2A03-46A8-A25E-5BA67E085C46}.Release|x64.ActiveCfg = Release|Any CPU
		{D3ABCC44-2A03-46A8-A25E-5BA67E085C46}.Release|x64.Build.0 = Release|Any CPU
		{D3ABCC44-2A03-46A8-A25E-5BA67E085C46}.Release|x86.ActiveCfg = Release|Any CPU
		{D3ABCC44-2A03-46A8-A25E-5BA67E085C46}.Release|x86.Build.0 = Release|Any CPU
		{0D85D923-F090-4ED8-BB65-1C9BFC087DAE}.Debug|Any CPU.ActiveCfg = Debug|Any CPU
		{0D85D923-F090-4ED8-BB65-1C9BFC087DAE}.Debug|Any CPU.Build.0 = Debug|Any CPU
		{0D85D923-F090-4ED8-BB65-1C9BFC087DAE}.Debug|x64.ActiveCfg = Debug|Any CPU
		{0D85D923-F090-4ED8-BB65-1C9BFC087DAE}.Debug|x64.Build.0 = Debug|Any CPU
		{0D85D923-F090-4ED8-BB65-1C9BFC087DAE}.Debug|x86.ActiveCfg = Debug|Any CPU
		{0D85D923-F090-4ED8-BB65-1C9BFC087DAE}.Debug|x86.Build.0 = Debug|Any CPU
		{0D85D923-F090-4ED8-BB65-1C9BFC087DAE}.Release|Any CPU.ActiveCfg = Release|Any CPU
		{0D85D923-F090-4ED8-BB65-1C9BFC087DAE}.Release|Any CPU.Build.0 = Release|Any CPU
		{0D85D923-F090-4ED8-BB65-1C9BFC087DAE}.Release|x64.ActiveCfg = Release|Any CPU
		{0D85D923-F090-4ED8-BB65-1C9BFC087DAE}.Release|x64.Build.0 = Release|Any CPU
		{0D85D923-F090-4ED8-BB65-1C9BFC087DAE}.Release|x86.ActiveCfg = Release|Any CPU
		{0D85D923-F090-4ED8-BB65-1C9BFC087DAE}.Release|x86.Build.0 = Release|Any CPU
		{2FC0FC75-3F96-4F0F-B467-BC3A4F9091E0}.Debug|Any CPU.ActiveCfg = Debug|Any CPU
		{2FC0FC75-3F96-4F0F-B467-BC3A4F9091E0}.Debug|Any CPU.Build.0 = Debug|Any CPU
		{2FC0FC75-3F96-4F0F-B467-BC3A4F9091E0}.Debug|x64.ActiveCfg = Debug|Any CPU
		{2FC0FC75-3F96-4F0F-B467-BC3A4F9091E0}.Debug|x64.Build.0 = Debug|Any CPU
		{2FC0FC75-3F96-4F0F-B467-BC3A4F9091E0}.Debug|x86.ActiveCfg = Debug|Any CPU
		{2FC0FC75-3F96-4F0F-B467-BC3A4F9091E0}.Debug|x86.Build.0 = Debug|Any CPU
		{2FC0FC75-3F96-4F0F-B467-BC3A4F9091E0}.Release|Any CPU.ActiveCfg = Release|Any CPU
		{2FC0FC75-3F96-4F0F-B467-BC3A4F9091E0}.Release|Any CPU.Build.0 = Release|Any CPU
		{2FC0FC75-3F96-4F0F-B467-BC3A4F9091E0}.Release|x64.ActiveCfg = Release|Any CPU
		{2FC0FC75-3F96-4F0F-B467-BC3A4F9091E0}.Release|x64.Build.0 = Release|Any CPU
		{2FC0FC75-3F96-4F0F-B467-BC3A4F9091E0}.Release|x86.ActiveCfg = Release|Any CPU
		{2FC0FC75-3F96-4F0F-B467-BC3A4F9091E0}.Release|x86.Build.0 = Release|Any CPU
		{B855E02F-27B7-443E-B876-CA11E0ADED8A}.Debug|Any CPU.ActiveCfg = Debug|Any CPU
		{B855E02F-27B7-443E-B876-CA11E0ADED8A}.Debug|Any CPU.Build.0 = Debug|Any CPU
		{B855E02F-27B7-443E-B876-CA11E0ADED8A}.Debug|x64.ActiveCfg = Debug|Any CPU
		{B855E02F-27B7-443E-B876-CA11E0ADED8A}.Debug|x64.Build.0 = Debug|Any CPU
		{B855E02F-27B7-443E-B876-CA11E0ADED8A}.Debug|x86.ActiveCfg = Debug|Any CPU
		{B855E02F-27B7-443E-B876-CA11E0ADED8A}.Debug|x86.Build.0 = Debug|Any CPU
		{B855E02F-27B7-443E-B876-CA11E0ADED8A}.Release|Any CPU.ActiveCfg = Release|Any CPU
		{B855E02F-27B7-443E-B876-CA11E0ADED8A}.Release|Any CPU.Build.0 = Release|Any CPU
		{B855E02F-27B7-443E-B876-CA11E0ADED8A}.Release|x64.ActiveCfg = Release|Any CPU
		{B855E02F-27B7-443E-B876-CA11E0ADED8A}.Release|x64.Build.0 = Release|Any CPU
		{B855E02F-27B7-443E-B876-CA11E0ADED8A}.Release|x86.ActiveCfg = Release|Any CPU
		{B855E02F-27B7-443E-B876-CA11E0ADED8A}.Release|x86.Build.0 = Release|Any CPU
	EndGlobalSection
	GlobalSection(SolutionProperties) = preSolution
		HideSolutionNode = FALSE
	EndGlobalSection
	GlobalSection(NestedProjects) = preSolution
		{D3ABCC44-2A03-46A8-A25E-5BA67E085C46} = {591E1A4C-EA75-4F3F-BFFC-6BE6F1F5DEF9}
		{0D85D923-F090-4ED8-BB65-1C9BFC087DAE} = {04843583-27DB-432A-9298-EE16C866BC6B}
		{2FC0FC75-3F96-4F0F-B467-BC3A4F9091E0} = {591E1A4C-EA75-4F3F-BFFC-6BE6F1F5DEF9}
		{B855E02F-27B7-443E-B876-CA11E0ADED8A} = {B36A84DF-456D-A817-6EDD-3EC3E7F6E11F}
	EndGlobalSection
EndGlobal
